
Microsoft Visual Studio Solution File, Format Version 12.00
# Visual Studio Version 17
VisualStudioVersion = 17.9.34723.18
MinimumVisualStudioVersion = 10.0.40219.1
Project("{2150E333-8FDC-42A3-9474-1A3956D46DE8}") = "Core", "Core", "{AF144513-81CF-476F-A7C0-28BA0EA67691}"
EndProject
Project("{2150E333-8FDC-42A3-9474-1A3956D46DE8}") = "Infrastructure", "Infrastructure", "{242DC39A-A5EF-45C7-8682-E1C90B03EC09}"
EndProject
Project("{2150E333-8FDC-42A3-9474-1A3956D46DE8}") = "Presentation", "Presentation", "{E0383287-D031-40C0-ABEC-E7105BECACFB}"
EndProject
Project("{9A19103F-16F7-4668-BE54-9A1E7A4F7556}") = "Uni.FMI.Bookify.Infrastructure.Data", "..\Uni.Fmi.Bookify.Infrastructure.Data\Uni.FMI.Bookify.Infrastructure.Data.csproj", "{B454212E-65AF-4945-A2B9-0FF2D25C0E6A}"
EndProject
Project("{9A19103F-16F7-4668-BE54-9A1E7A4F7556}") = "Uni.FMI.Bookify.API", "Uni.FMI.Bookify.API\Uni.FMI.Bookify.API.csproj", "{061A907F-268F-4B0F-B97D-0DC6D21BA6BC}"
EndProject
Project("{9A19103F-16F7-4668-BE54-9A1E7A4F7556}") = "Uni.FMI.Bookify.Core.Business", "Uni-FMI.Bookify.Core.Business\Uni.FMI.Bookify.Core.Business.csproj", "{1C771BCA-F904-4BCC-AFFB-CDD5B29A1479}"
EndProject
Project("{9A19103F-16F7-4668-BE54-9A1E7A4F7556}") = "Uni.FMI.Bookify.Core.Models", "Uni.FMI.Bookify.Core.Models\Uni.FMI.Bookify.Core.Models.csproj", "{E3AD7C1C-867D-4FF9-96EA-56C1DB89DACF}"
EndProject
Project("{9A19103F-16F7-4668-BE54-9A1E7A4F7556}") = "Uni.FMI.Bookify.Infrastructure.Models", "Uni.FMI.Bookify.Infrastructure.Models\Uni.FMI.Bookify.Infrastructure.Models.csproj", "{3C68FD91-3D2B-4913-B67D-CD7E1A09B432}"
EndProject
Project("{2150E333-8FDC-42A3-9474-1A3956D46DE8}") = "Solution Items", "Solution Items", "{D1D37BAC-379A-439A-9AC2-92C914A7D0ED}"
	ProjectSection(SolutionItems) = preProject
		docker-compose.yml = docker-compose.yml
	EndProjectSection
EndProject
Global
	GlobalSection(SolutionConfigurationPlatforms) = preSolution
		Debug|Any CPU = Debug|Any CPU
		Release|Any CPU = Release|Any CPU
	EndGlobalSection
	GlobalSection(ProjectConfigurationPlatforms) = postSolution
		{B454212E-65AF-4945-A2B9-0FF2D25C0E6A}.Debug|Any CPU.ActiveCfg = Debug|Any CPU
		{B454212E-65AF-4945-A2B9-0FF2D25C0E6A}.Debug|Any CPU.Build.0 = Debug|Any CPU
		{B454212E-65AF-4945-A2B9-0FF2D25C0E6A}.Release|Any CPU.ActiveCfg = Release|Any CPU
		{B454212E-65AF-4945-A2B9-0FF2D25C0E6A}.Release|Any CPU.Build.0 = Release|Any CPU
		{061A907F-268F-4B0F-B97D-0DC6D21BA6BC}.Debug|Any CPU.ActiveCfg = Debug|Any CPU
		{061A907F-268F-4B0F-B97D-0DC6D21BA6BC}.Debug|Any CPU.Build.0 = Debug|Any CPU
		{061A907F-268F-4B0F-B97D-0DC6D21BA6BC}.Release|Any CPU.ActiveCfg = Release|Any CPU
		{061A907F-268F-4B0F-B97D-0DC6D21BA6BC}.Release|Any CPU.Build.0 = Release|Any CPU
		{1C771BCA-F904-4BCC-AFFB-CDD5B29A1479}.Debug|Any CPU.ActiveCfg = Debug|Any CPU
		{1C771BCA-F904-4BCC-AFFB-CDD5B29A1479}.Debug|Any CPU.Build.0 = Debug|Any CPU
		{1C771BCA-F904-4BCC-AFFB-CDD5B29A1479}.Release|Any CPU.ActiveCfg = Release|Any CPU
		{1C771BCA-F904-4BCC-AFFB-CDD5B29A1479}.Release|Any CPU.Build.0 = Release|Any CPU
		{E3AD7C1C-867D-4FF9-96EA-56C1DB89DACF}.Debug|Any CPU.ActiveCfg = Debug|Any CPU
		{E3AD7C1C-867D-4FF9-96EA-56C1DB89DACF}.Debug|Any CPU.Build.0 = Debug|Any CPU
		{E3AD7C1C-867D-4FF9-96EA-56C1DB89DACF}.Release|Any CPU.ActiveCfg = Release|Any CPU
		{E3AD7C1C-867D-4FF9-96EA-56C1DB89DACF}.Release|Any CPU.Build.0 = Release|Any CPU
		{3C68FD91-3D2B-4913-B67D-CD7E1A09B432}.Debug|Any CPU.ActiveCfg = Debug|Any CPU
		{3C68FD91-3D2B-4913-B67D-CD7E1A09B432}.Debug|Any CPU.Build.0 = Debug|Any CPU
		{3C68FD91-3D2B-4913-B67D-CD7E1A09B432}.Release|Any CPU.ActiveCfg = Release|Any CPU
		{3C68FD91-3D2B-4913-B67D-CD7E1A09B432}.Release|Any CPU.Build.0 = Release|Any CPU
	EndGlobalSection
	GlobalSection(SolutionProperties) = preSolution
		HideSolutionNode = FALSE
	EndGlobalSection
	GlobalSection(NestedProjects) = preSolution
		{B454212E-65AF-4945-A2B9-0FF2D25C0E6A} = {242DC39A-A5EF-45C7-8682-E1C90B03EC09}
		{061A907F-268F-4B0F-B97D-0DC6D21BA6BC} = {E0383287-D031-40C0-ABEC-E7105BECACFB}
		{1C771BCA-F904-4BCC-AFFB-CDD5B29A1479} = {AF144513-81CF-476F-A7C0-28BA0EA67691}
		{E3AD7C1C-867D-4FF9-96EA-56C1DB89DACF} = {AF144513-81CF-476F-A7C0-28BA0EA67691}
		{3C68FD91-3D2B-4913-B67D-CD7E1A09B432} = {242DC39A-A5EF-45C7-8682-E1C90B03EC09}
	EndGlobalSection
	GlobalSection(ExtensibilityGlobals) = postSolution
		SolutionGuid = {B588693B-8849-499D-8B6E-FB0427F61DE7}
	EndGlobalSection
EndGlobal
